
Microsoft Visual Studio Solution File, Format Version 12.00
# Visual Studio Version 17
VisualStudioVersion = 17.14.36310.24 d17.14
MinimumVisualStudioVersion = 10.0.40219.1
Project("{FAE04EC0-301F-11D3-BF4B-00C04F79EFBC}") = "EquityPositions.Api", "EquityPositions.Api.csproj", "{5F985258-D961-06FD-C2A4-848A49FDAD75}"
EndProject
Global
	GlobalSection(SolutionConfigurationPlatforms) = preSolution
		Debug|Any CPU = Debug|Any CPU
		Release|Any CPU = Release|Any CPU
	EndGlobalSection
	GlobalSection(ProjectConfigurationPlatforms) = postSolution
		{5F985258-D961-06FD-C2A4-848A49FDAD75}.Debug|Any CPU.ActiveCfg = Debug|Any CPU
		{5F985258-D961-06FD-C2A4-848A49FDAD75}.Debug|Any CPU.Build.0 = Debug|Any CPU
		{5F985258-D961-06FD-C2A4-848A49FDAD75}.Release|Any CPU.ActiveCfg = Release|Any CPU
		{5F985258-D961-06FD-C2A4-848A49FDAD75}.Release|Any CPU.Build.0 = Release|Any CPU
	EndGlobalSection
	GlobalSection(SolutionProperties) = preSolution
		HideSolutionNode = FALSE
	EndGlobalSection
	GlobalSection(ExtensibilityGlobals) = postSolution
		SolutionGuid = {636C47D8-841D-4719-902F-C43F3C6E6551}
	EndGlobalSection
EndGlobal
